# This file is autogenerated, do not edit; changes may be undone by the next 'dep ensure'.


[[projects]]
  branch = "master"
  digest = "1:40b44ede40e33bb402728550058cbb43a82d5842c703aba14f8265f3d8e79df9"
  name = "github.com/calebhiebert/gobbl"
  packages = [
    ".",
    "messenger",
  ]
  pruneopts = "UT"
  revision = "abdab007a4fd4059aaa26d8e1ac869e052fefeb8"

[[projects]]
  branch = "master"
  digest = "1:be40f095cd741773905744f16c1f7a21fd9226ccd0529f019deb7da6d667f71c"
  name = "github.com/logrusorgru/aurora"
  packages = ["."]
  pruneopts = "UT"
  revision = "a7b3b318ed4e1ae5b80602b08627267303c68572"

[[projects]]
  branch = "master"
  digest = "1:7af7e6d4c8334420eb075b54d5eff873e375b32f0740e4e4c819b69e0704c32d"
  name = "github.com/matoous/go-nanoid"
  packages = ["."]
  pruneopts = "UT"
  revision = "eab626deece6c9806cfbe2290859eb31a934edb0"

[solve-meta]
  analyzer-name = "dep"
  analyzer-version = 1
  input-imports = [
    "github.com/calebhiebert/gobbl/messenger",
    "github.com/matoous/go-nanoid",
  ]
  solver-name = "gps-cdcl"
  solver-version = 1
